
Microsoft Visual Studio Solution File, Format Version 12.00
# Visual Studio Version 16
VisualStudioVersion = 16.0.31729.503
MinimumVisualStudioVersion = 10.0.40219.1
Project("{FAE04EC0-301F-11D3-BF4B-00C04F79EFBC}") = "TodoApi", "TodoApi\TodoApi.csproj", "{EAD6DE4E-A0B0-4A55-9DF7-97EF664B0E4B}"
EndProject
Global
	GlobalSection(SolutionConfigurationPlatforms) = preSolution
		Debug|Any CPU = Debug|Any CPU
		Release|Any CPU = Release|Any CPU
	EndGlobalSection
	GlobalSection(ProjectConfigurationPlatforms) = postSolution
		{EAD6DE4E-A0B0-4A55-9DF7-97EF664B0E4B}.Debug|Any CPU.ActiveCfg = Debug|Any CPU
		{EAD6DE4E-A0B0-4A55-9DF7-97EF664B0E4B}.Debug|Any CPU.Build.0 = Debug|Any CPU
		{EAD6DE4E-A0B0-4A55-9DF7-97EF664B0E4B}.Release|Any CPU.ActiveCfg = Release|Any CPU
		{EAD6DE4E-A0B0-4A55-9DF7-97EF664B0E4B}.Release|Any CPU.Build.0 = Release|Any CPU
	EndGlobalSection
	GlobalSection(SolutionProperties) = preSolution
		HideSolutionNode = FALSE
	EndGlobalSection
	GlobalSection(ExtensibilityGlobals) = postSolution
		SolutionGuid = {FFDDD3AD-665D-4BDD-9755-3AF07C878F8A}
	EndGlobalSection
EndGlobal
